
Microsoft Visual Studio Solution File, Format Version 9.00
# Visual Studio 2005
Project("{F14B399A-7131-4C87-9E4B-1186C45EF12D}") = "CSR", "CSR\CSR.rptproj", "{279D68C0-6B74-4977-A058-0572BB8CED15}"
EndProject
Global
	GlobalSection(SolutionConfigurationPlatforms) = preSolution
		Debug|Default = Debug|Default
		DebugLocal|Default = DebugLocal|Default
		Production|Default = Production|Default
	EndGlobalSection
	GlobalSection(ProjectConfigurationPlatforms) = postSolution
		{279D68C0-6B74-4977-A058-0572BB8CED15}.Debug|Default.ActiveCfg = Debug
		{279D68C0-6B74-4977-A058-0572BB8CED15}.Debug|Default.Build.0 = DebugLocal
		{279D68C0-6B74-4977-A058-0572BB8CED15}.Debug|Default.Deploy.0 = DebugLocal
		{279D68C0-6B74-4977-A058-0572BB8CED15}.DebugLocal|Default.ActiveCfg = DebugLocal
		{279D68C0-6B74-4977-A058-0572BB8CED15}.DebugLocal|Default.Build.0 = DebugLocal
		{279D68C0-6B74-4977-A058-0572BB8CED15}.Production|Default.ActiveCfg = Production
		{279D68C0-6B74-4977-A058-0572BB8CED15}.Production|Default.Build.0 = Production
		{279D68C0-6B74-4977-A058-0572BB8CED15}.Production|Default.Deploy.0 = Production
	EndGlobalSection
	GlobalSection(SolutionProperties) = preSolution
		HideSolutionNode = FALSE
	EndGlobalSection
EndGlobal
