
Microsoft Visual Studio Solution File, Format Version 9.00
# Visual Studio 2005
Project("{F14B399A-7131-4C87-9E4B-1186C45EF12D}") = "ARC Reports", "ARC Reports\ARC Reports.rptproj", "{D7C95F57-B55C-4C59-B745-51AA78D2EF60}"
EndProject
Global
	GlobalSection(SolutionConfigurationPlatforms) = preSolution
		Debug|Default = Debug|Default
		DebugLocal|Default = DebugLocal|Default
		Production|Default = Production|Default
	EndGlobalSection
	GlobalSection(ProjectConfigurationPlatforms) = postSolution
		{D7C95F57-B55C-4C59-B745-51AA78D2EF60}.Debug|Default.ActiveCfg = Debug
		{D7C95F57-B55C-4C59-B745-51AA78D2EF60}.Debug|Default.Build.0 = DebugLocal
		{D7C95F57-B55C-4C59-B745-51AA78D2EF60}.Debug|Default.Deploy.0 = DebugLocal
		{D7C95F57-B55C-4C59-B745-51AA78D2EF60}.DebugLocal|Default.ActiveCfg = DebugLocal
		{D7C95F57-B55C-4C59-B745-51AA78D2EF60}.DebugLocal|Default.Build.0 = DebugLocal
		{D7C95F57-B55C-4C59-B745-51AA78D2EF60}.Production|Default.ActiveCfg = Production
		{D7C95F57-B55C-4C59-B745-51AA78D2EF60}.Production|Default.Build.0 = Production
		{D7C95F57-B55C-4C59-B745-51AA78D2EF60}.Production|Default.Deploy.0 = Production
	EndGlobalSection
	GlobalSection(SolutionProperties) = preSolution
		HideSolutionNode = FALSE
	EndGlobalSection
EndGlobal
