
Microsoft Visual Studio Solution File, Format Version 9.00
# Visual Studio 2005
Project("{E24C65DC-7377-472B-9ABA-BC803B73C61A}") = "C:\...\Facetime\", "Facetime\", "{FAEA15C8-4AF4-4266-8826-EF0F321B0587}"
	ProjectSection(WebsiteProperties) = preProject
		Debug.AspNetCompiler.VirtualPath = "/Facetime"
		Debug.AspNetCompiler.PhysicalPath = "Facetime\"
		Debug.AspNetCompiler.TargetPath = "PrecompiledWeb\Facetime\"
		Debug.AspNetCompiler.Updateable = "true"
		Debug.AspNetCompiler.ForceOverwrite = "true"
		Debug.AspNetCompiler.FixedNames = "false"
		Debug.AspNetCompiler.Debug = "True"
		Release.AspNetCompiler.VirtualPath = "/Facetime"
		Release.AspNetCompiler.PhysicalPath = "Facetime\"
		Release.AspNetCompiler.TargetPath = "PrecompiledWeb\Facetime\"
		Release.AspNetCompiler.Updateable = "true"
		Release.AspNetCompiler.ForceOverwrite = "true"
		Release.AspNetCompiler.FixedNames = "false"
		Release.AspNetCompiler.Debug = "False"
		VWDPort = "1974"
		DefaultWebSiteLanguage = "Visual Basic"
	EndProjectSection
EndProject
Global
	GlobalSection(SolutionConfigurationPlatforms) = preSolution
		Debug|.NET = Debug|.NET
	EndGlobalSection
	GlobalSection(ProjectConfigurationPlatforms) = postSolution
		{FAEA15C8-4AF4-4266-8826-EF0F321B0587}.Debug|.NET.ActiveCfg = Debug|.NET
		{FAEA15C8-4AF4-4266-8826-EF0F321B0587}.Debug|.NET.Build.0 = Debug|.NET
	EndGlobalSection
	GlobalSection(SolutionProperties) = preSolution
		HideSolutionNode = FALSE
	EndGlobalSection
EndGlobal
